{
  "name": "@bruit/types",
  "version": "0.1.1",
  "lockfileVersion": 1,
  "requires": true,
  "dependencies": {
    "@firebase/firestore-types": {
      "version": "0.7.0",
      "resolved": "https://registry.npmjs.org/@firebase/firestore-types/-/firestore-types-0.7.0.tgz",
      "integrity": "sha512-jyKRcKnSh3CSEPL4xGOZNoOXEiv7YmFK/JEcdd/4cAH17/Xo+Pk67gk1E648LRKh6QPghgNvzNTY5R10mKbQNw=="
    }
  }
}
