{
  "name": "@bruit/types",
  "version": "0.1.2",
  "lockfileVersion": 1,
  "requires": true,
  "dependencies": {
    "@firebase/app-types": {
      "version": "0.3.2",
      "resolved": "https://registry.npmjs.org/@firebase/app-types/-/app-types-0.3.2.tgz",
      "integrity": "sha512-ZD8lTgW07NGgo75bTyBJA8Lt9+NweNzot7lrsBtIvfciwUzaFJLsv2EShqjBeuhF7RpG6YFucJ6m67w5buCtzw=="
    },
    "@firebase/firestore-types": {
      "version": "0.7.0",
      "resolved": "https://registry.npmjs.org/@firebase/firestore-types/-/firestore-types-0.7.0.tgz",
      "integrity": "sha512-jyKRcKnSh3CSEPL4xGOZNoOXEiv7YmFK/JEcdd/4cAH17/Xo+Pk67gk1E648LRKh6QPghgNvzNTY5R10mKbQNw=="
    }
  }
}
